
Microsoft Visual Studio Solution File, Format Version 12.00
# Visual Studio Version 17
VisualStudioVersion = 17.14.36301.6 d17.14
MinimumVisualStudioVersion = 10.0.40219.1
Project("{FAE04EC0-301F-11D3-BF4B-00C04F79EFBC}") = "AppWebAPL", "AppWebAPL\AppWebAPL.csproj", "{A7200C84-BC74-4B02-8CBD-A99F24528A97}"
EndProject
Global
	GlobalSection(SolutionConfigurationPlatforms) = preSolution
		Debug|Any CPU = Debug|Any CPU
		Release|Any CPU = Release|Any CPU
	EndGlobalSection
	GlobalSection(ProjectConfigurationPlatforms) = postSolution
		{A7200C84-BC74-4B02-8CBD-A99F24528A97}.Debug|Any CPU.ActiveCfg = Debug|Any CPU
		{A7200C84-BC74-4B02-8CBD-A99F24528A97}.Debug|Any CPU.Build.0 = Debug|Any CPU
		{A7200C84-BC74-4B02-8CBD-A99F24528A97}.Release|Any CPU.ActiveCfg = Release|Any CPU
		{A7200C84-BC74-4B02-8CBD-A99F24528A97}.Release|Any CPU.Build.0 = Release|Any CPU
	EndGlobalSection
	GlobalSection(SolutionProperties) = preSolution
		HideSolutionNode = FALSE
	EndGlobalSection
	GlobalSection(ExtensibilityGlobals) = postSolution
		SolutionGuid = {B9834CD5-52FB-410D-A28E-0AFB62B58568}
	EndGlobalSection
EndGlobal
